
Microsoft Visual Studio Solution File, Format Version 12.00
# Visual Studio 15
VisualStudioVersion = 15.0.28307.1000
MinimumVisualStudioVersion = 10.0.40219.1
Project("{8BC9CEB8-8B4A-11D0-8D11-00A0C91BC942}") = "01_FirstGame", "01_FirstGame\01_FirstGame.vcxproj", "{3F58D1E7-8117-439A-9A70-4AD4D39AFA78}"
EndProject
Project("{8BC9CEB8-8B4A-11D0-8D11-00A0C91BC942}") = "02_2DGraphics", "02_2DGraphics\02_2DGraphics.vcxproj", "{602A2331-DFDA-40B7-B59F-103937E82D3F}"
EndProject
Project("{8BC9CEB8-8B4A-11D0-8D11-00A0C91BC942}") = "02_2DGraphics02", "02_2DGraphics02\02_2DGraphics02.vcxproj", "{EE2FA663-4289-49D4-AE8F-C5513ACB92D2}"
EndProject
Project("{2150E333-8FDC-42A3-9474-1A3956D46DE8}") = "03", "03", "{A7DFA0DA-3A8C-4D8F-B2B2-25A7F737A173}"
EndProject
Project("{2150E333-8FDC-42A3-9474-1A3956D46DE8}") = "01", "01", "{3F245955-8B78-489F-8D34-963509EA7ACA}"
EndProject
Project("{2150E333-8FDC-42A3-9474-1A3956D46DE8}") = "02", "02", "{6FC316DD-AD62-4047-A91E-B7370FFD9045}"
EndProject
Project("{8BC9CEB8-8B4A-11D0-8D11-00A0C91BC942}") = "03_2DGraphic_Game", "03_2DGraphic_Game\03_2DGraphic_Game.vcxproj", "{C372E223-6CDE-450F-9A1D-1C5477485265}"
EndProject
Project("{8BC9CEB8-8B4A-11D0-8D11-00A0C91BC942}") = "03_BlendTest", "03_BlendTest\03_BlendTest.vcxproj", "{A28BCB4D-504D-4C04-A94C-969DBBFF2838}"
EndProject
Global
	GlobalSection(SolutionConfigurationPlatforms) = preSolution
		Debug|x64 = Debug|x64
		Debug|x86 = Debug|x86
		Release|x64 = Release|x64
		Release|x86 = Release|x86
	EndGlobalSection
	GlobalSection(ProjectConfigurationPlatforms) = postSolution
		{3F58D1E7-8117-439A-9A70-4AD4D39AFA78}.Debug|x64.ActiveCfg = Debug|x64
		{3F58D1E7-8117-439A-9A70-4AD4D39AFA78}.Debug|x64.Build.0 = Debug|x64
		{3F58D1E7-8117-439A-9A70-4AD4D39AFA78}.Debug|x86.ActiveCfg = Debug|Win32
		{3F58D1E7-8117-439A-9A70-4AD4D39AFA78}.Debug|x86.Build.0 = Debug|Win32
		{3F58D1E7-8117-439A-9A70-4AD4D39AFA78}.Release|x64.ActiveCfg = Release|x64
		{3F58D1E7-8117-439A-9A70-4AD4D39AFA78}.Release|x64.Build.0 = Release|x64
		{3F58D1E7-8117-439A-9A70-4AD4D39AFA78}.Release|x86.ActiveCfg = Release|Win32
		{3F58D1E7-8117-439A-9A70-4AD4D39AFA78}.Release|x86.Build.0 = Release|Win32
		{602A2331-DFDA-40B7-B59F-103937E82D3F}.Debug|x64.ActiveCfg = Debug|x64
		{602A2331-DFDA-40B7-B59F-103937E82D3F}.Debug|x64.Build.0 = Debug|x64
		{602A2331-DFDA-40B7-B59F-103937E82D3F}.Debug|x86.ActiveCfg = Debug|Win32
		{602A2331-DFDA-40B7-B59F-103937E82D3F}.Debug|x86.Build.0 = Debug|Win32
		{602A2331-DFDA-40B7-B59F-103937E82D3F}.Release|x64.ActiveCfg = Release|x64
		{602A2331-DFDA-40B7-B59F-103937E82D3F}.Release|x64.Build.0 = Release|x64
		{602A2331-DFDA-40B7-B59F-103937E82D3F}.Release|x86.ActiveCfg = Release|Win32
		{602A2331-DFDA-40B7-B59F-103937E82D3F}.Release|x86.Build.0 = Release|Win32
		{EE2FA663-4289-49D4-AE8F-C5513ACB92D2}.Debug|x64.ActiveCfg = Debug|x64
		{EE2FA663-4289-49D4-AE8F-C5513ACB92D2}.Debug|x64.Build.0 = Debug|x64
		{EE2FA663-4289-49D4-AE8F-C5513ACB92D2}.Debug|x86.ActiveCfg = Debug|Win32
		{EE2FA663-4289-49D4-AE8F-C5513ACB92D2}.Debug|x86.Build.0 = Debug|Win32
		{EE2FA663-4289-49D4-AE8F-C5513ACB92D2}.Release|x64.ActiveCfg = Release|x64
		{EE2FA663-4289-49D4-AE8F-C5513ACB92D2}.Release|x64.Build.0 = Release|x64
		{EE2FA663-4289-49D4-AE8F-C5513ACB92D2}.Release|x86.ActiveCfg = Release|Win32
		{EE2FA663-4289-49D4-AE8F-C5513ACB92D2}.Release|x86.Build.0 = Release|Win32
		{C372E223-6CDE-450F-9A1D-1C5477485265}.Debug|x64.ActiveCfg = Debug|x64
		{C372E223-6CDE-450F-9A1D-1C5477485265}.Debug|x64.Build.0 = Debug|x64
		{C372E223-6CDE-450F-9A1D-1C5477485265}.Debug|x86.ActiveCfg = Debug|Win32
		{C372E223-6CDE-450F-9A1D-1C5477485265}.Debug|x86.Build.0 = Debug|Win32
		{C372E223-6CDE-450F-9A1D-1C5477485265}.Release|x64.ActiveCfg = Release|x64
		{C372E223-6CDE-450F-9A1D-1C5477485265}.Release|x64.Build.0 = Release|x64
		{C372E223-6CDE-450F-9A1D-1C5477485265}.Release|x86.ActiveCfg = Release|Win32
		{C372E223-6CDE-450F-9A1D-1C5477485265}.Release|x86.Build.0 = Release|Win32
		{A28BCB4D-504D-4C04-A94C-969DBBFF2838}.Debug|x64.ActiveCfg = Debug|x64
		{A28BCB4D-504D-4C04-A94C-969DBBFF2838}.Debug|x64.Build.0 = Debug|x64
		{A28BCB4D-504D-4C04-A94C-969DBBFF2838}.Debug|x86.ActiveCfg = Debug|Win32
		{A28BCB4D-504D-4C04-A94C-969DBBFF2838}.Debug|x86.Build.0 = Debug|Win32
		{A28BCB4D-504D-4C04-A94C-969DBBFF2838}.Release|x64.ActiveCfg = Release|x64
		{A28BCB4D-504D-4C04-A94C-969DBBFF2838}.Release|x64.Build.0 = Release|x64
		{A28BCB4D-504D-4C04-A94C-969DBBFF2838}.Release|x86.ActiveCfg = Release|Win32
		{A28BCB4D-504D-4C04-A94C-969DBBFF2838}.Release|x86.Build.0 = Release|Win32
	EndGlobalSection
	GlobalSection(SolutionProperties) = preSolution
		HideSolutionNode = FALSE
	EndGlobalSection
	GlobalSection(NestedProjects) = preSolution
		{3F58D1E7-8117-439A-9A70-4AD4D39AFA78} = {3F245955-8B78-489F-8D34-963509EA7ACA}
		{602A2331-DFDA-40B7-B59F-103937E82D3F} = {6FC316DD-AD62-4047-A91E-B7370FFD9045}
		{EE2FA663-4289-49D4-AE8F-C5513ACB92D2} = {6FC316DD-AD62-4047-A91E-B7370FFD9045}
		{C372E223-6CDE-450F-9A1D-1C5477485265} = {A7DFA0DA-3A8C-4D8F-B2B2-25A7F737A173}
		{A28BCB4D-504D-4C04-A94C-969DBBFF2838} = {A7DFA0DA-3A8C-4D8F-B2B2-25A7F737A173}
	EndGlobalSection
	GlobalSection(ExtensibilityGlobals) = postSolution
		SolutionGuid = {B952130B-CB9E-40F2-8C62-38B016BEAAFD}
	EndGlobalSection
EndGlobal
