
Microsoft Visual Studio Solution File, Format Version 12.00
# Visual Studio 15
VisualStudioVersion = 15.0.28307.1000
MinimumVisualStudioVersion = 10.0.40219.1
Project("{8BC9CEB8-8B4A-11D0-8D11-00A0C91BC942}") = "01_FirstGame", "01_FirstGame\01_FirstGame.vcxproj", "{3F58D1E7-8117-439A-9A70-4AD4D39AFA78}"
EndProject
Project("{8BC9CEB8-8B4A-11D0-8D11-00A0C91BC942}") = "02_2DGraphics", "02_2DGraphics\02_2DGraphics.vcxproj", "{602A2331-DFDA-40B7-B59F-103937E82D3F}"
EndProject
Project("{8BC9CEB8-8B4A-11D0-8D11-00A0C91BC942}") = "02_2DGraphics02", "02_2DGraphics02\02_2DGraphics02.vcxproj", "{EE2FA663-4289-49D4-AE8F-C5513ACB92D2}"
EndProject
Global
	GlobalSection(SolutionConfigurationPlatforms) = preSolution
		Debug|x64 = Debug|x64
		Debug|x86 = Debug|x86
		Release|x64 = Release|x64
		Release|x86 = Release|x86
	EndGlobalSection
	GlobalSection(ProjectConfigurationPlatforms) = postSolution
		{3F58D1E7-8117-439A-9A70-4AD4D39AFA78}.Debug|x64.ActiveCfg = Debug|x64
		{3F58D1E7-8117-439A-9A70-4AD4D39AFA78}.Debug|x64.Build.0 = Debug|x64
		{3F58D1E7-8117-439A-9A70-4AD4D39AFA78}.Debug|x86.ActiveCfg = Debug|Win32
		{3F58D1E7-8117-439A-9A70-4AD4D39AFA78}.Debug|x86.Build.0 = Debug|Win32
		{3F58D1E7-8117-439A-9A70-4AD4D39AFA78}.Release|x64.ActiveCfg = Release|x64
		{3F58D1E7-8117-439A-9A70-4AD4D39AFA78}.Release|x64.Build.0 = Release|x64
		{3F58D1E7-8117-439A-9A70-4AD4D39AFA78}.Release|x86.ActiveCfg = Release|Win32
		{3F58D1E7-8117-439A-9A70-4AD4D39AFA78}.Release|x86.Build.0 = Release|Win32
		{602A2331-DFDA-40B7-B59F-103937E82D3F}.Debug|x64.ActiveCfg = Debug|x64
		{602A2331-DFDA-40B7-B59F-103937E82D3F}.Debug|x64.Build.0 = Debug|x64
		{602A2331-DFDA-40B7-B59F-103937E82D3F}.Debug|x86.ActiveCfg = Debug|Win32
		{602A2331-DFDA-40B7-B59F-103937E82D3F}.Debug|x86.Build.0 = Debug|Win32
		{602A2331-DFDA-40B7-B59F-103937E82D3F}.Release|x64.ActiveCfg = Release|x64
		{602A2331-DFDA-40B7-B59F-103937E82D3F}.Release|x64.Build.0 = Release|x64
		{602A2331-DFDA-40B7-B59F-103937E82D3F}.Release|x86.ActiveCfg = Release|Win32
		{602A2331-DFDA-40B7-B59F-103937E82D3F}.Release|x86.Build.0 = Release|Win32
		{EE2FA663-4289-49D4-AE8F-C5513ACB92D2}.Debug|x64.ActiveCfg = Debug|x64
		{EE2FA663-4289-49D4-AE8F-C5513ACB92D2}.Debug|x64.Build.0 = Debug|x64
		{EE2FA663-4289-49D4-AE8F-C5513ACB92D2}.Debug|x86.ActiveCfg = Debug|Win32
		{EE2FA663-4289-49D4-AE8F-C5513ACB92D2}.Debug|x86.Build.0 = Debug|Win32
		{EE2FA663-4289-49D4-AE8F-C5513ACB92D2}.Release|x64.ActiveCfg = Release|x64
		{EE2FA663-4289-49D4-AE8F-C5513ACB92D2}.Release|x64.Build.0 = Release|x64
		{EE2FA663-4289-49D4-AE8F-C5513ACB92D2}.Release|x86.ActiveCfg = Release|Win32
		{EE2FA663-4289-49D4-AE8F-C5513ACB92D2}.Release|x86.Build.0 = Release|Win32
	EndGlobalSection
	GlobalSection(SolutionProperties) = preSolution
		HideSolutionNode = FALSE
	EndGlobalSection
	GlobalSection(ExtensibilityGlobals) = postSolution
		SolutionGuid = {B952130B-CB9E-40F2-8C62-38B016BEAAFD}
	EndGlobalSection
EndGlobal
